
Microsoft Visual Studio Solution File, Format Version 12.00
# Visual Studio 2015
Project("{FAE04EC0-301F-11D3-BF4B-00C04F79EFBC}") = "Asteroid.Plugins", "Asteroid.Plugins.csproj", "{04060192-B3FA-9E0E-0AE5-EA84CE8934D1}"
EndProject
Project("{FAE04EC0-301F-11D3-BF4B-00C04F79EFBC}") = "Asteroid", "Asteroid.csproj", "{84C1FB34-6486-3795-2627-EB7DA5DF6851}"
EndProject
Project("{FAE04EC0-301F-11D3-BF4B-00C04F79EFBC}") = "Asteroid.Editor", "Asteroid.Editor.csproj", "{88A59C14-62B8-2DAB-4248-C34F72960755}"
EndProject
Global
	GlobalSection(SolutionConfigurationPlatforms) = preSolution
		Debug|Any CPU = Debug|Any CPU
		Release|Any CPU = Release|Any CPU
	EndGlobalSection
	GlobalSection(ProjectConfigurationPlatforms) = postSolution
		{04060192-B3FA-9E0E-0AE5-EA84CE8934D1}.Debug|Any CPU.ActiveCfg = Debug|Any CPU
		{04060192-B3FA-9E0E-0AE5-EA84CE8934D1}.Debug|Any CPU.Build.0 = Debug|Any CPU
		{04060192-B3FA-9E0E-0AE5-EA84CE8934D1}.Release|Any CPU.ActiveCfg = Release|Any CPU
		{04060192-B3FA-9E0E-0AE5-EA84CE8934D1}.Release|Any CPU.Build.0 = Release|Any CPU
		{84C1FB34-6486-3795-2627-EB7DA5DF6851}.Debug|Any CPU.ActiveCfg = Debug|Any CPU
		{84C1FB34-6486-3795-2627-EB7DA5DF6851}.Debug|Any CPU.Build.0 = Debug|Any CPU
		{84C1FB34-6486-3795-2627-EB7DA5DF6851}.Release|Any CPU.ActiveCfg = Release|Any CPU
		{84C1FB34-6486-3795-2627-EB7DA5DF6851}.Release|Any CPU.Build.0 = Release|Any CPU
		{88A59C14-62B8-2DAB-4248-C34F72960755}.Debug|Any CPU.ActiveCfg = Debug|Any CPU
		{88A59C14-62B8-2DAB-4248-C34F72960755}.Debug|Any CPU.Build.0 = Debug|Any CPU
		{88A59C14-62B8-2DAB-4248-C34F72960755}.Release|Any CPU.ActiveCfg = Release|Any CPU
		{88A59C14-62B8-2DAB-4248-C34F72960755}.Release|Any CPU.Build.0 = Release|Any CPU
	EndGlobalSection
	GlobalSection(SolutionProperties) = preSolution
		HideSolutionNode = FALSE
	EndGlobalSection
EndGlobal
